// !$*UTF8*$!
{
	archiveVersion = 1;
	classes = {
	};
	objectVersion = 50;
	objects = {

/* Begin PBXBuildFile section */
		8AB7D6EB24BDF17B00F4F615 /* AppDelegate.swift in Sources */ = {isa = PBXBuildFile; fileRef = 8AB7D6EA24BDF17B00F4F615 /* AppDelegate.swift */; };
		8AB7D6ED24BDF17B00F4F615 /* SceneDelegate.swift in Sources */ = {isa = PBXBuildFile; fileRef = 8AB7D6EC24BDF17B00F4F615 /* SceneDelegate.swift */; };
		8AB7D6F024BDF17B00F4F615 /* CoreDataStringArraySample.xcdatamodeld in Sources */ = {isa = PBXBuildFile; fileRef = 8AB7D6EE24BDF17B00F4F615 /* CoreDataStringArraySample.xcdatamodeld */; };
		8AB7D6F224BDF17B00F4F615 /* ContentView.swift in Sources */ = {isa = PBXBuildFile; fileRef = 8AB7D6F124BDF17B00F4F615 /* ContentView.swift */; };
		8AB7D6F424BDF17C00F4F615 /* Assets.xcassets in Resources */ = {isa = PBXBuildFile; fileRef = 8AB7D6F324BDF17C00F4F615 /* Assets.xcassets */; };
		8AB7D6F724BDF17C00F4F615 /* Preview Assets.xcassets in Resources */ = {isa = PBXBuildFile; fileRef = 8AB7D6F624BDF17C00F4F615 /* Preview Assets.xcassets */; };
		8AB7D6FA24BDF17C00F4F615 /* LaunchScreen.storyboard in Resources */ = {isa = PBXBuildFile; fileRef = 8AB7D6F824BDF17C00F4F615 /* LaunchScreen.storyboard */; };
		8AB7D70224BDF20000F4F615 /* ViewModel.swift in Sources */ = {isa = PBXBuildFile; fileRef = 8AB7D70124BDF20000F4F615 /* ViewModel.swift */; };
/* End PBXBuildFile section */

/* Begin PBXFileReference section */
		8AB7D6E724BDF17B00F4F615 /* CoreDataStringArraySample.app */ = {isa = PBXFileReference; explicitFileType = wrapper.application; includeInIndex = 0; path = CoreDataStringArraySample.app; sourceTree = BUILT_PRODUCTS_DIR; };
		8AB7D6EA24BDF17B00F4F615 /* AppDelegate.swift */ = {isa = PBXFileReference; lastKnownFileType = sourcecode.swift; path = AppDelegate.swift; sourceTree = "<group>"; };
		8AB7D6EC24BDF17B00F4F615 /* SceneDelegate.swift */ = {isa = PBXFileReference; lastKnownFileType = sourcecode.swift; path = SceneDelegate.swift; sourceTree = "<group>"; };
		8AB7D6EF24BDF17B00F4F615 /* CoreDataStringArraySample.xcdatamodel */ = {isa = PBXFileReference; lastKnownFileType = wrapper.xcdatamodel; path = CoreDataStringArraySample.xcdatamodel; sourceTree = "<group>"; };
		8AB7D6F124BDF17B00F4F615 /* ContentView.swift */ = {isa = PBXFileReference; lastKnownFileType = sourcecode.swift; path = ContentView.swift; sourceTree = "<group>"; };
		8AB7D6F324BDF17C00F4F615 /* Assets.xcassets */ = {isa = PBXFileReference; lastKnownFileType = folder.assetcatalog; path = Assets.xcassets; sourceTree = "<group>"; };
		8AB7D6F624BDF17C00F4F615 /* Preview Assets.xcassets */ = {isa = PBXFileReference; lastKnownFileType = folder.assetcatalog; path = "Preview Assets.xcassets"; sourceTree = "<group>"; };
		8AB7D6F924BDF17C00F4F615 /* Base */ = {isa = PBXFileReference; lastKnownFileType = file.storyboard; name = Base; path = Base.lproj/LaunchScreen.storyboard; sourceTree = "<group>"; };
		8AB7D6FB24BDF17C00F4F615 /* Info.plist */ = {isa = PBXFileReference; lastKnownFileType = text.plist.xml; path = Info.plist; sourceTree = "<group>"; };
		8AB7D70124BDF20000F4F615 /* ViewModel.swift */ = {isa = PBXFileReference; lastKnownFileType = sourcecode.swift; path = ViewModel.swift; sourceTree = "<group>"; };
/* End PBXFileReference section */

/* Begin PBXFrameworksBuildPhase section */
		8AB7D6E424BDF17B00F4F615 /* Frameworks */ = {
			isa = PBXFrameworksBuildPhase;
			buildActionMask = 2147483647;
			files = (
			);
			runOnlyForDeploymentPostprocessing = 0;
		};
/* End PBXFrameworksBuildPhase section */

/* Begin PBXGroup section */
		8AB7D6DE24BDF17B00F4F615 = {
			isa = PBXGroup;
			children = (
				8AB7D6E924BDF17B00F4F615 /* CoreDataStringArraySample */,
				8AB7D6E824BDF17B00F4F615 /* Products */,
			);
			sourceTree = "<group>";
		};
		8AB7D6E824BDF17B00F4F615 /* Products */ = {
			isa = PBXGroup;
			children = (
				8AB7D6E724BDF17B00F4F615 /* CoreDataStringArraySample.app */,
			);
			name = Products;
			sourceTree = "<group>";
		};
		8AB7D6E924BDF17B00F4F615 /* CoreDataStringArraySample */ = {
			isa = PBXGroup;
			children = (
				8AB7D6EA24BDF17B00F4F615 /* AppDelegate.swift */,
				8AB7D6EC24BDF17B00F4F615 /* SceneDelegate.swift */,
				8AB7D6F124BDF17B00F4F615 /* ContentView.swift */,
				8AB7D70124BDF20000F4F615 /* ViewModel.swift */,
				8AB7D6F324BDF17C00F4F615 /* Assets.xcassets */,
				8AB7D6F824BDF17C00F4F615 /* LaunchScreen.storyboard */,
				8AB7D6FB24BDF17C00F4F615 /* Info.plist */,
				8AB7D6EE24BDF17B00F4F615 /* CoreDataStringArraySample.xcdatamodeld */,
				8AB7D6F524BDF17C00F4F615 /* Preview Content */,
			);
			path = CoreDataStringArraySample;
			sourceTree = "<group>";
		};
		8AB7D6F524BDF17C00F4F615 /* Preview Content */ = {
			isa = PBXGroup;
			children = (
				8AB7D6F624BDF17C00F4F615 /* Preview Assets.xcassets */,
			);
			path = "Preview Content";
			sourceTree = "<group>";
		};
/* End PBXGroup section */

/* Begin PBXNativeTarget section */
		8AB7D6E624BDF17B00F4F615 /* CoreDataStringArraySample */ = {
			isa = PBXNativeTarget;
			buildConfigurationList = 8AB7D6FE24BDF17C00F4F615 /* Build configuration list for PBXNativeTarget "CoreDataStringArraySample" */;
			buildPhases = (
				8AB7D6E324BDF17B00F4F615 /* Sources */,
				8AB7D6E424BDF17B00F4F615 /* Frameworks */,
				8AB7D6E524BDF17B00F4F615 /* Resources */,
			);
			buildRules = (
			);
			dependencies = (
			);
			name = CoreDataStringArraySample;
			productName = CoreDataStringArraySample;
			productReference = 8AB7D6E724BDF17B00F4F615 /* CoreDataStringArraySample.app */;
			productType = "com.apple.product-type.application";
		};
/* End PBXNativeTarget section */

/* Begin PBXProject section */
		8AB7D6DF24BDF17B00F4F615 /* Project object */ = {
			isa = PBXProject;
			attributes = {
				LastSwiftUpdateCheck = 1150;
				LastUpgradeCheck = 1150;
				ORGANIZATIONNAME = kenmaz.net;
				TargetAttributes = {
					8AB7D6E624BDF17B00F4F615 = {
						CreatedOnToolsVersion = 11.5;
					};
				};
			};
			buildConfigurationList = 8AB7D6E224BDF17B00F4F615 /* Build configuration list for PBXProject "CoreDataStringArraySample" */;
			compatibilityVersion = "Xcode 9.3";
			developmentRegion = en;
			hasScannedForEncodings = 0;
			knownRegions = (
				en,
				Base,
			);
			mainGroup = 8AB7D6DE24BDF17B00F4F615;
			productRefGroup = 8AB7D6E824BDF17B00F4F615 /* Products */;
			projectDirPath = "";
			projectRoot = "";
			targets = (
				8AB7D6E624BDF17B00F4F615 /* CoreDataStringArraySample */,
			);
		};
/* End PBXProject section */

/* Begin PBXResourcesBuildPhase section */
		8AB7D6E524BDF17B00F4F615 /* Resources */ = {
			isa = PBXResourcesBuildPhase;
			buildActionMask = 2147483647;
			files = (
				8AB7D6FA24BDF17C00F4F615 /* LaunchScreen.storyboard in Resources */,
				8AB7D6F724BDF17C00F4F615 /* Preview Assets.xcassets in Resources */,
				8AB7D6F424BDF17C00F4F615 /* Assets.xcassets in Resources */,
			);
			runOnlyForDeploymentPostprocessing = 0;
		};
/* End PBXResourcesBuildPhase section */

/* Begin PBXSourcesBuildPhase section */
		8AB7D6E324BDF17B00F4F615 /* Sources */ = {
			isa = PBXSourcesBuildPhase;
			buildActionMask = 2147483647;
			files = (
				8AB7D70224BDF20000F4F615 /* ViewModel.swift in Sources */,
				8AB7D6EB24BDF17B00F4F615 /* AppDelegate.swift in Sources */,
				8AB7D6ED24BDF17B00F4F615 /* SceneDelegate.swift in Sources */,
				8AB7D6F224BDF17B00F4F615 /* ContentView.swift in Sources */,
				8AB7D6F024BDF17B00F4F615 /* CoreDataStringArraySample.xcdatamodeld in Sources */,
			);
			runOnlyForDeploymentPostprocessing = 0;
		};
/* End PBXSourcesBuildPhase section */

/* Begin PBXVariantGroup section */
		8AB7D6F824BDF17C00F4F615 /* LaunchScreen.storyboard */ = {
			isa = PBXVariantGroup;
			children = (
				8AB7D6F924BDF17C00F4F615 /* Base */,
			);
			name = LaunchScreen.storyboard;
			sourceTree = "<group>";
		};
/* End PBXVariantGroup section */

/* Begin XCBuildConfiguration section */
		8AB7D6FC24BDF17C00F4F615 /* Debug */ = {
			isa = XCBuildConfiguration;
			buildSettings = {
				ALWAYS_SEARCH_USER_PATHS = NO;
				CLANG_ANALYZER_NONNULL = YES;
				CLANG_ANALYZER_NUMBER_OBJECT_CONVERSION = YES_AGGRESSIVE;
				CLANG_CXX_LANGUAGE_STANDARD = "gnu++14";
				CLANG_CXX_LIBRARY = "libc++";
				CLANG_ENABLE_MODULES = YES;
				CLANG_ENABLE_OBJC_ARC = YES;
				CLANG_ENABLE_OBJC_WEAK = YES;
				CLANG_WARN_BLOCK_CAPTURE_AUTORELEASING = YES;
				CLANG_WARN_BOOL_CONVERSION = YES;
				CLANG_WARN_COMMA = YES;
				CLANG_WARN_CONSTANT_CONVERSION = YES;
				CLANG_WARN_DEPRECATED_OBJC_IMPLEMENTATIONS = YES;
				CLANG_WARN_DIRECT_OBJC_ISA_USAGE = YES_ERROR;
				CLANG_WARN_DOCUMENTATION_COMMENTS = YES;
				CLANG_WARN_EMPTY_BODY = YES;
				CLANG_WARN_ENUM_CONVERSION = YES;
				CLANG_WARN_INFINITE_RECURSION = YES;
				CLANG_WARN_INT_CONVERSION = YES;
				CLANG_WARN_NON_LITERAL_NULL_CONVERSION = YES;
				CLANG_WARN_OBJC_IMPLICIT_RETAIN_SELF = YES;
				CLANG_WARN_OBJC_LITERAL_CONVERSION = YES;
				CLANG_WARN_OBJC_ROOT_CLASS = YES_ERROR;
				CLANG_WARN_RANGE_LOOP_ANALYSIS = YES;
				CLANG_WARN_STRICT_PROTOTYPES = YES;
				CLANG_WARN_SUSPICIOUS_MOVE = YES;
				CLANG_WARN_UNGUARDED_AVAILABILITY = YES_AGGRESSIVE;
				CLANG_WARN_UNREACHABLE_CODE = YES;
				CLANG_WARN__DUPLICATE_METHOD_MATCH = YES;
				COPY_PHASE_STRIP = NO;
				DEBUG_INFORMATION_FORMAT = dwarf;
				ENABLE_STRICT_OBJC_MSGSEND = YES;
				ENABLE_TESTABILITY = YES;
				GCC_C_LANGUAGE_STANDARD = gnu11;
				GCC_DYNAMIC_NO_PIC = NO;
				GCC_NO_COMMON_BLOCKS = YES;
				GCC_OPTIMIZATION_LEVEL = 0;
				GCC_PREPROCESSOR_DEFINITIONS = (
					"DEBUG=1",
					"$(inherited)",
				);
				GCC_WARN_64_TO_32_BIT_CONVERSION = YES;
				GCC_WARN_ABOUT_RETURN_TYPE = YES_ERROR;
				GCC_WARN_UNDECLARED_SELECTOR = YES;
				GCC_WARN_UNINITIALIZED_AUTOS = YES_AGGRESSIVE;
				GCC_WARN_UNUSED_FUNCTION = YES;
				GCC_WARN_UNUSED_VARIABLE = YES;
				IPHONEOS_DEPLOYMENT_TARGET = 13.5;
				MTL_ENABLE_DEBUG_INFO = INCLUDE_SOURCE;
				MTL_FAST_MATH = YES;
				ONLY_ACTIVE_ARCH = YES;
				SDKROOT = iphoneos;
				SWIFT_ACTIVE_COMPILATION_CONDITIONS = DEBUG;
				SWIFT_OPTIMIZATION_LEVEL = "-Onone";
			};
			name = Debug;
		};
		8AB7D6FD24BDF17C00F4F615 /* Release */ = {
			isa = XCBuildConfiguration;
			buildSettings = {
				ALWAYS_SEARCH_USER_PATHS = NO;
				CLANG_ANALYZER_NONNULL = YES;
				CLANG_ANALYZER_NUMBER_OBJECT_CONVERSION = YES_AGGRESSIVE;
				CLANG_CXX_LANGUAGE_STANDARD = "gnu++14";
				CLANG_CXX_LIBRARY = "libc++";
				CLANG_ENABLE_MODULES = YES;
				CLANG_ENABLE_OBJC_ARC = YES;
				CLANG_ENABLE_OBJC_WEAK = YES;
				CLANG_WARN_BLOCK_CAPTURE_AUTORELEASING = YES;
				CLANG_WARN_BOOL_CONVERSION = YES;
				CLANG_WARN_COMMA = YES;
				CLANG_WARN_CONSTANT_CONVERSION = YES;
				CLANG_WARN_DEPRECATED_OBJC_IMPLEMENTATIONS = YES;
				CLANG_WARN_DIRECT_OBJC_ISA_USAGE = YES_ERROR;
				CLANG_WARN_DOCUMENTATION_COMMENTS = YES;
				CLANG_WARN_EMPTY_BODY = YES;
				CLANG_WARN_ENUM_CONVERSION = YES;
				CLANG_WARN_INFINITE_RECURSION = YES;
				CLANG_WARN_INT_CONVERSION = YES;
				CLANG_WARN_NON_LITERAL_NULL_CONVERSION = YES;
				CLANG_WARN_OBJC_IMPLICIT_RETAIN_SELF = YES;
				CLANG_WARN_OBJC_LITERAL_CONVERSION = YES;
				CLANG_WARN_OBJC_ROOT_CLASS = YES_ERROR;
				CLANG_WARN_RANGE_LOOP_ANALYSIS = YES;
				CLANG_WARN_STRICT_PROTOTYPES = YES;
				CLANG_WARN_SUSPICIOUS_MOVE = YES;
				CLANG_WARN_UNGUARDED_AVAILABILITY = YES_AGGRESSIVE;
				CLANG_WARN_UNREACHABLE_CODE = YES;
				CLANG_WARN__DUPLICATE_METHOD_MATCH = YES;
				COPY_PHASE_STRIP = NO;
				DEBUG_INFORMATION_FORMAT = "dwarf-with-dsym";
				ENABLE_NS_ASSERTIONS = NO;
				ENABLE_STRICT_OBJC_MSGSEND = YES;
				GCC_C_LANGUAGE_STANDARD = gnu11;
				GCC_NO_COMMON_BLOCKS = YES;
				GCC_WARN_64_TO_32_BIT_CONVERSION = YES;
				GCC_WARN_ABOUT_RETURN_TYPE = YES_ERROR;
				GCC_WARN_UNDECLARED_SELECTOR = YES;
				GCC_WARN_UNINITIALIZED_AUTOS = YES_AGGRESSIVE;
				GCC_WARN_UNUSED_FUNCTION = YES;
				GCC_WARN_UNUSED_VARIABLE = YES;
				IPHONEOS_DEPLOYMENT_TARGET = 13.5;
				MTL_ENABLE_DEBUG_INFO = NO;
				MTL_FAST_MATH = YES;
				SDKROOT = iphoneos;
				SWIFT_COMPILATION_MODE = wholemodule;
				SWIFT_OPTIMIZATION_LEVEL = "-O";
				VALIDATE_PRODUCT = YES;
			};
			name = Release;
		};
		8AB7D6FF24BDF17C00F4F615 /* Debug */ = {
			isa = XCBuildConfiguration;
			buildSettings = {
				ASSETCATALOG_COMPILER_APPICON_NAME = AppIcon;
				CODE_SIGN_STYLE = Automatic;
				DEVELOPMENT_ASSET_PATHS = "\"CoreDataStringArraySample/Preview Content\"";
				DEVELOPMENT_TEAM = D9UCJ653YY;
				ENABLE_PREVIEWS = YES;
				INFOPLIST_FILE = CoreDataStringArraySample/Info.plist;
				LD_RUNPATH_SEARCH_PATHS = (
					"$(inherited)",
					"@executable_path/Frameworks",
				);
				PRODUCT_BUNDLE_IDENTIFIER = net.kenmaz.CoreDataStringArraySample;
				PRODUCT_NAME = "$(TARGET_NAME)";
				SWIFT_VERSION = 5.0;
				TARGETED_DEVICE_FAMILY = "1,2";
			};
			name = Debug;
		};
		8AB7D70024BDF17C00F4F615 /* Release */ = {
			isa = XCBuildConfiguration;
			buildSettings = {
				ASSETCATALOG_COMPILER_APPICON_NAME = AppIcon;
				CODE_SIGN_STYLE = Automatic;
				DEVELOPMENT_ASSET_PATHS = "\"CoreDataStringArraySample/Preview Content\"";
				DEVELOPMENT_TEAM = D9UCJ653YY;
				ENABLE_PREVIEWS = YES;
				INFOPLIST_FILE = CoreDataStringArraySample/Info.plist;
				LD_RUNPATH_SEARCH_PATHS = (
					"$(inherited)",
					"@executable_path/Frameworks",
				);
				PRODUCT_BUNDLE_IDENTIFIER = net.kenmaz.CoreDataStringArraySample;
				PRODUCT_NAME = "$(TARGET_NAME)";
				SWIFT_VERSION = 5.0;
				TARGETED_DEVICE_FAMILY = "1,2";
			};
			name = Release;
		};
/* End XCBuildConfiguration section */

/* Begin XCConfigurationList section */
		8AB7D6E224BDF17B00F4F615 /* Build configuration list for PBXProject "CoreDataStringArraySample" */ = {
			isa = XCConfigurationList;
			buildConfigurations = (
				8AB7D6FC24BDF17C00F4F615 /* Debug */,
				8AB7D6FD24BDF17C00F4F615 /* Release */,
			);
			defaultConfigurationIsVisible = 0;
			defaultConfigurationName = Release;
		};
		8AB7D6FE24BDF17C00F4F615 /* Build configuration list for PBXNativeTarget "CoreDataStringArraySample" */ = {
			isa = XCConfigurationList;
			buildConfigurations = (
				8AB7D6FF24BDF17C00F4F615 /* Debug */,
				8AB7D70024BDF17C00F4F615 /* Release */,
			);
			defaultConfigurationIsVisible = 0;
			defaultConfigurationName = Release;
		};
/* End XCConfigurationList section */

/* Begin XCVersionGroup section */
		8AB7D6EE24BDF17B00F4F615 /* CoreDataStringArraySample.xcdatamodeld */ = {
			isa = XCVersionGroup;
			children = (
				8AB7D6EF24BDF17B00F4F615 /* CoreDataStringArraySample.xcdatamodel */,
			);
			currentVersion = 8AB7D6EF24BDF17B00F4F615 /* CoreDataStringArraySample.xcdatamodel */;
			path = CoreDataStringArraySample.xcdatamodeld;
			sourceTree = "<group>";
			versionGroupType = wrapper.xcdatamodel;
		};
/* End XCVersionGroup section */
	};
	rootObject = 8AB7D6DF24BDF17B00F4F615 /* Project object */;
}
